github.com/google/go-querystring v1.0.0 h1:Xkwi/a1rcvNg1PPYe5vI8GbeBY/jrVuDX5ASuANWTrk=
github.com/google/go-querystring v1.0.0/go.mod h1:odCYkC5MyYFN7vkCjXpyrEuKhc/BUO6wN/zVPAxq5ck=
github.com/levigross/grequests v0.0.0-20190908174114-253788527a1a h1:DGFy/362j92vQRE3ThU1yqg9TuJS8YJOSbQuB7BP9cA=
github.com/levigross/grequests v0.0.0-20190908174114-253788527a1a/go.mod h1:jVntzcUU+2BtVohZBQmSHWUmh8B55LCNfPhcNCIvvIg=
github.com/yapingcat/gomedia/codec v0.0.0-20220424104503-efa359334caf/go.mod h1:obSECV6X3NPUsLL0olA7DurvQHKMq7J3iBTNQ4bL/vQ=
github.com/yapingcat/gomedia/codec v0.0.0-20220609081842-9e0c0e8a19a0 h1:gAmdgY8sSyyw081bp3gdwNwpXWeYddcCF0ZfzRG1Au8=
github.com/yapingcat/gomedia/codec v0.0.0-20220609081842-9e0c0e8a19a0/go.mod h1:obSECV6X3NPUsLL0olA7DurvQHKMq7J3iBTNQ4bL/vQ=
github.com/yapingcat/gomedia/mp4 v0.0.0-20220617074658-94762898dc25 h1:VrGaDD0sffr1lU8/mCIh2JT6JagHKPBAbeWF2BGaRuk=
github.com/yapingcat/gomedia/mp4 v0.0.0-20220617074658-94762898dc25/go.mod h1:xpkQGGrzCC+h7EAY1y3QpuIP+QkfA+DPvwpcyLOSjiA=
github.com/yapingcat/gomedia/mpeg2 v0.0.0-20220609081842-9e0c0e8a19a0/go.mod h1:4VoPcUr2+e+Rx/8sHuHRDVHbyluWyl3OFrmcUOo80Vw=
github.com/yapingcat/gomedia/mpeg2 v0.0.0-20220617074658-94762898dc25 h1:51qjqT2jsOESm/jDi0k0AdQX33Sg4vhw8X6eooj7c8A=
github.com/yapingcat/gomedia/mpeg2 v0.0.0-20220617074658-94762898dc25/go.mod h1:bvxj2Oi5Rwj7eHm2OjqgOIs8x2T0j+V068eS/SAyZLA=
golang.org/x/net v0.0.0-20181011144130-49bb7cea24b1 h1:Y/KGZSOdz/2r0WJ9Mkmz6NJBusp0kiNx1Cn82lzJQ6w=
golang.org/x/net v0.0.0-20181011144130-49bb7cea24b1/go.mod h1:mL1N/T3taQHkDXs73rZJwtUhF3w3ftmwwsq0BUmARs4=
